
Microsoft Visual Studio Solution File, Format Version 12.00
# Visual Studio 15
VisualStudioVersion = 15.0.27004.2009
MinimumVisualStudioVersion = 10.0.40219.1
Project("{FAE04EC0-301F-11D3-BF4B-00C04F79EFBC}") = "MyIoTApp", "MyIoTApp\MyIoTApp.csproj", "{026D5915-E869-41E3-829B-B40510E382B3}"
EndProject
Project("{FAE04EC0-301F-11D3-BF4B-00C04F79EFBC}") = "WiFiConnect", "..\WiFiConnector\CS\WiFiConnect.csproj", "{D4B2224B-EFFD-4439-82DB-D2C79B274341}"
EndProject
Global
	GlobalSection(SolutionConfigurationPlatforms) = preSolution
		Debug|ARM = Debug|ARM
		Debug|x64 = Debug|x64
		Debug|x86 = Debug|x86
		Release|ARM = Release|ARM
		Release|x64 = Release|x64
		Release|x86 = Release|x86
	EndGlobalSection
	GlobalSection(ProjectConfigurationPlatforms) = postSolution
		{026D5915-E869-41E3-829B-B40510E382B3}.Debug|ARM.ActiveCfg = Debug|ARM
		{026D5915-E869-41E3-829B-B40510E382B3}.Debug|ARM.Build.0 = Debug|ARM
		{026D5915-E869-41E3-829B-B40510E382B3}.Debug|ARM.Deploy.0 = Debug|ARM
		{026D5915-E869-41E3-829B-B40510E382B3}.Debug|x64.ActiveCfg = Debug|x64
		{026D5915-E869-41E3-829B-B40510E382B3}.Debug|x64.Build.0 = Debug|x64
		{026D5915-E869-41E3-829B-B40510E382B3}.Debug|x64.Deploy.0 = Debug|x64
		{026D5915-E869-41E3-829B-B40510E382B3}.Debug|x86.ActiveCfg = Debug|x86
		{026D5915-E869-41E3-829B-B40510E382B3}.Debug|x86.Build.0 = Debug|x86
		{026D5915-E869-41E3-829B-B40510E382B3}.Debug|x86.Deploy.0 = Debug|x86
		{026D5915-E869-41E3-829B-B40510E382B3}.Release|ARM.ActiveCfg = Release|ARM
		{026D5915-E869-41E3-829B-B40510E382B3}.Release|ARM.Build.0 = Release|ARM
		{026D5915-E869-41E3-829B-B40510E382B3}.Release|ARM.Deploy.0 = Release|ARM
		{026D5915-E869-41E3-829B-B40510E382B3}.Release|x64.ActiveCfg = Release|x64
		{026D5915-E869-41E3-829B-B40510E382B3}.Release|x64.Build.0 = Release|x64
		{026D5915-E869-41E3-829B-B40510E382B3}.Release|x64.Deploy.0 = Release|x64
		{026D5915-E869-41E3-829B-B40510E382B3}.Release|x86.ActiveCfg = Release|x86
		{026D5915-E869-41E3-829B-B40510E382B3}.Release|x86.Build.0 = Release|x86
		{026D5915-E869-41E3-829B-B40510E382B3}.Release|x86.Deploy.0 = Release|x86
		{D4B2224B-EFFD-4439-82DB-D2C79B274341}.Debug|ARM.ActiveCfg = Debug|ARM
		{D4B2224B-EFFD-4439-82DB-D2C79B274341}.Debug|ARM.Build.0 = Debug|ARM
		{D4B2224B-EFFD-4439-82DB-D2C79B274341}.Debug|ARM.Deploy.0 = Debug|ARM
		{D4B2224B-EFFD-4439-82DB-D2C79B274341}.Debug|x64.ActiveCfg = Debug|x64
		{D4B2224B-EFFD-4439-82DB-D2C79B274341}.Debug|x64.Build.0 = Debug|x64
		{D4B2224B-EFFD-4439-82DB-D2C79B274341}.Debug|x64.Deploy.0 = Debug|x64
		{D4B2224B-EFFD-4439-82DB-D2C79B274341}.Debug|x86.ActiveCfg = Debug|x86
		{D4B2224B-EFFD-4439-82DB-D2C79B274341}.Debug|x86.Build.0 = Debug|x86
		{D4B2224B-EFFD-4439-82DB-D2C79B274341}.Debug|x86.Deploy.0 = Debug|x86
		{D4B2224B-EFFD-4439-82DB-D2C79B274341}.Release|ARM.ActiveCfg = Release|ARM
		{D4B2224B-EFFD-4439-82DB-D2C79B274341}.Release|ARM.Build.0 = Release|ARM
		{D4B2224B-EFFD-4439-82DB-D2C79B274341}.Release|ARM.Deploy.0 = Release|ARM
		{D4B2224B-EFFD-4439-82DB-D2C79B274341}.Release|x64.ActiveCfg = Release|x64
		{D4B2224B-EFFD-4439-82DB-D2C79B274341}.Release|x64.Build.0 = Release|x64
		{D4B2224B-EFFD-4439-82DB-D2C79B274341}.Release|x64.Deploy.0 = Release|x64
		{D4B2224B-EFFD-4439-82DB-D2C79B274341}.Release|x86.ActiveCfg = Release|x86
		{D4B2224B-EFFD-4439-82DB-D2C79B274341}.Release|x86.Build.0 = Release|x86
		{D4B2224B-EFFD-4439-82DB-D2C79B274341}.Release|x86.Deploy.0 = Release|x86
	EndGlobalSection
	GlobalSection(SolutionProperties) = preSolution
		HideSolutionNode = FALSE
	EndGlobalSection
	GlobalSection(ExtensibilityGlobals) = postSolution
		SolutionGuid = {C5DA5EE4-2761-4688-8A6C-DAAEF718B8F5}
	EndGlobalSection
EndGlobal
